
Microsoft Visual Studio Solution File, Format Version 12.00
# Visual Studio Version 17
VisualStudioVersion = 17.11.35327.3
MinimumVisualStudioVersion = 10.0.40219.1
Project("{FAE04EC0-301F-11D3-BF4B-00C04F79EFBC}") = "ADMIN SIAFM", "ADMIN SIAFM\ADMIN SIAFM.csproj", "{0FE244D9-A4A8-4558-A39C-706C78327E83}"
EndProject
Global
	GlobalSection(SolutionConfigurationPlatforms) = preSolution
		Debug|Any CPU = Debug|Any CPU
		Release|Any CPU = Release|Any CPU
	EndGlobalSection
	GlobalSection(ProjectConfigurationPlatforms) = postSolution
		{0FE244D9-A4A8-4558-A39C-706C78327E83}.Debug|Any CPU.ActiveCfg = Debug|Any CPU
		{0FE244D9-A4A8-4558-A39C-706C78327E83}.Debug|Any CPU.Build.0 = Debug|Any CPU
		{0FE244D9-A4A8-4558-A39C-706C78327E83}.Release|Any CPU.ActiveCfg = Release|Any CPU
		{0FE244D9-A4A8-4558-A39C-706C78327E83}.Release|Any CPU.Build.0 = Release|Any CPU
	EndGlobalSection
	GlobalSection(SolutionProperties) = preSolution
		HideSolutionNode = FALSE
	EndGlobalSection
	GlobalSection(ExtensibilityGlobals) = postSolution
		SolutionGuid = {A4AC03D4-0244-4955-B07D-4879A17E7EB0}
	EndGlobalSection
EndGlobal
